<?xml version="1.0" encoding="utf-8"?>
<Project ToolsVersion="4.0" xmlns="http://schemas.microsoft.com/developer/msbuild/2003">
  <ItemGroup>
    <Filter Include="Source Files">
      <UniqueIdentifier>{4FC737F1-C7A5-4376-A066-2A32D752A2FF}</UniqueIdentifier>
      <Extensions>cpp;c;cc;cxx;c++;cppm;ixx;def;odl;idl;hpj;bat;asm;asmx</Extensions>
    </Filter>
    <Filter Include="Header Files">
      <UniqueIdentifier>{93995380-89BD-4b04-88EB-625FBE52EBFB}</UniqueIdentifier>
      <Extensions>h;hh;hpp;hxx;h++;hm;inl;inc;ipp;xsd</Extensions>
    </Filter>
    <Filter Include="Resource Files">
      <UniqueIdentifier>{67DA6AB6-F800-4c08-8B7A-83BB121AAD01}</UniqueIdentifier>
      <Extensions>rc;ico;cur;bmp;dlg;rc2;rct;bin;rgs;gif;jpg;jpeg;jpe;resx;tiff;tif;png;wav;mfcribbon-ms</Extensions>
    </Filter>
    <Filter Include="External">
      <UniqueIdentifier>{d5059c2e-e432-4aae-aa8b-fddf4c42565e}</UniqueIdentifier>
    </Filter>
    <Filter Include="Controller">
      <UniqueIdentifier>{7a9cd80a-4b4b-4289-a747-9f91be1fd6bc}</UniqueIdentifier>
    </Filter>
  </ItemGroup>
  <ItemGroup>
    <ClInclude Include="framework.h">
      <Filter>Header Files</Filter>
    </ClInclude>
    <ClInclude Include="targetver.h">
      <Filter>Header Files</Filter>
    </ClInclude>
    <ClInclude Include="Resource.h">
      <Filter>Header Files</Filter>
    </ClInclude>
    <ClInclude Include="WindowQuotePro.h">
      <Filter>Header Files</Filter>
    </ClInclude>
    <ClInclude Include="resource_windows_quote_new.h">
      <Filter>Header Files</Filter>
    </ClInclude>
    <ClInclude Include="resource_windows_quote_list.h">
      <Filter>Header Files</Filter>
    </ClInclude>
    <ClInclude Include="Windows_Quote_List.h">
      <Filter>Header Files</Filter>
    </ClInclude>
    <ClInclude Include="Windows_Quote_New.h">
      <Filter>Header Files</Filter>
    </ClInclude>
    <ClInclude Include="sqlite3.h">
      <Filter>External</Filter>
    </ClInclude>
    <ClInclude Include="sqlite3ext.h">
      <Filter>External</Filter>
    </ClInclude>
    <ClInclude Include="Table_Quote.h">
      <Filter>Controller</Filter>
    </ClInclude>
    <ClInclude Include="sqlite.h">
      <Filter>Controller</Filter>
    </ClInclude>
  </ItemGroup>
  <ItemGroup>
    <ClCompile Include="WindowQuotePro.cpp">
      <Filter>Source Files</Filter>
    </ClCompile>
    <ClCompile Include="Windows_Quote_List.cpp">
      <Filter>Source Files</Filter>
    </ClCompile>
    <ClCompile Include="Windows_Quote_New.cpp">
      <Filter>Source Files</Filter>
    </ClCompile>
    <ClCompile Include="shell.c">
      <Filter>External</Filter>
    </ClCompile>
    <ClCompile Include="sqlite3.c">
      <Filter>External</Filter>
    </ClCompile>
    <ClCompile Include="sqlite.cpp">
      <Filter>Controller</Filter>
    </ClCompile>
    <ClCompile Include="Table_Quote.cpp">
      <Filter>Controller</Filter>
    </ClCompile>
  </ItemGroup>
  <ItemGroup>
    <ResourceCompile Include="WindowQuotePro.rc">
      <Filter>Resource Files</Filter>
    </ResourceCompile>
    <ResourceCompile Include="Windows_Quote_New.rc">
      <Filter>Resource Files</Filter>
    </ResourceCompile>
    <ResourceCompile Include="Windows_Quote_List.rc">
      <Filter>Resource Files</Filter>
    </ResourceCompile>
  </ItemGroup>
  <ItemGroup>
    <Image Include="small.ico">
      <Filter>Resource Files</Filter>
    </Image>
    <Image Include="WindowQuotePro.ico">
      <Filter>Resource Files</Filter>
    </Image>
  </ItemGroup>
</Project>